
Microsoft Visual Studio Solution File, Format Version 12.00
# Visual Studio Version 16
VisualStudioVersion = 16.0.32630.194
MinimumVisualStudioVersion = 10.0.40219.1
Project("{FAE04EC0-301F-11D3-BF4B-00C04F79EFBC}") = "PRESENTACION", "PRESENTACION\PRESENTACION.csproj", "{679BF89B-2E31-4629-A311-A3D3D9939AB3}"
EndProject
Project("{2150E333-8FDC-42A3-9474-1A3956D46DE8}") = "04 CAPA PRESENTACION", "04 CAPA PRESENTACION", "{B766277D-74B1-4A64-A1E3-E5362A058115}"
EndProject
Project("{FAE04EC0-301F-11D3-BF4B-00C04F79EFBC}") = "NEGOCIO", "NEGOCIO\NEGOCIO.csproj", "{A4C9C812-FAB4-43C0-AAC9-5A2878417306}"
EndProject
Project("{FAE04EC0-301F-11D3-BF4B-00C04F79EFBC}") = "DOMINIO", "DOMINIO\DOMINIO.csproj", "{91F4FCF5-B843-448B-A929-09FB5621649C}"
EndProject
Project("{FAE04EC0-301F-11D3-BF4B-00C04F79EFBC}") = "ACCESO_DATOS", "ACCESO_DATOS\ACCESO_DATOS.csproj", "{E8090043-B455-4AD1-B7DC-84C4CA80D8F4}"
EndProject
Project("{2150E333-8FDC-42A3-9474-1A3956D46DE8}") = "01 CAPA DATOS", "01 CAPA DATOS", "{E51FE5DB-1D95-4F46-A248-79BA51249A70}"
EndProject
Project("{2150E333-8FDC-42A3-9474-1A3956D46DE8}") = "02 CAPA DOMINIO", "02 CAPA DOMINIO", "{442D175D-79E7-48F6-BDA5-CD9E8DEDCDCB}"
EndProject
Project("{2150E333-8FDC-42A3-9474-1A3956D46DE8}") = "03 CAPA NEGOCIO", "03 CAPA NEGOCIO", "{6B9444AE-D3EF-427D-B3E6-62EB70B08BA1}"
EndProject
Global
	GlobalSection(SolutionConfigurationPlatforms) = preSolution
		Debug|Any CPU = Debug|Any CPU
		Release|Any CPU = Release|Any CPU
	EndGlobalSection
	GlobalSection(ProjectConfigurationPlatforms) = postSolution
		{679BF89B-2E31-4629-A311-A3D3D9939AB3}.Debug|Any CPU.ActiveCfg = Debug|Any CPU
		{679BF89B-2E31-4629-A311-A3D3D9939AB3}.Debug|Any CPU.Build.0 = Debug|Any CPU
		{679BF89B-2E31-4629-A311-A3D3D9939AB3}.Release|Any CPU.ActiveCfg = Release|Any CPU
		{679BF89B-2E31-4629-A311-A3D3D9939AB3}.Release|Any CPU.Build.0 = Release|Any CPU
		{A4C9C812-FAB4-43C0-AAC9-5A2878417306}.Debug|Any CPU.ActiveCfg = Debug|Any CPU
		{A4C9C812-FAB4-43C0-AAC9-5A2878417306}.Debug|Any CPU.Build.0 = Debug|Any CPU
		{A4C9C812-FAB4-43C0-AAC9-5A2878417306}.Release|Any CPU.ActiveCfg = Release|Any CPU
		{A4C9C812-FAB4-43C0-AAC9-5A2878417306}.Release|Any CPU.Build.0 = Release|Any CPU
		{91F4FCF5-B843-448B-A929-09FB5621649C}.Debug|Any CPU.ActiveCfg = Debug|Any CPU
		{91F4FCF5-B843-448B-A929-09FB5621649C}.Debug|Any CPU.Build.0 = Debug|Any CPU
		{91F4FCF5-B843-448B-A929-09FB5621649C}.Release|Any CPU.ActiveCfg = Release|Any CPU
		{91F4FCF5-B843-448B-A929-09FB5621649C}.Release|Any CPU.Build.0 = Release|Any CPU
		{E8090043-B455-4AD1-B7DC-84C4CA80D8F4}.Debug|Any CPU.ActiveCfg = Debug|Any CPU
		{E8090043-B455-4AD1-B7DC-84C4CA80D8F4}.Debug|Any CPU.Build.0 = Debug|Any CPU
		{E8090043-B455-4AD1-B7DC-84C4CA80D8F4}.Release|Any CPU.ActiveCfg = Release|Any CPU
		{E8090043-B455-4AD1-B7DC-84C4CA80D8F4}.Release|Any CPU.Build.0 = Release|Any CPU
	EndGlobalSection
	GlobalSection(SolutionProperties) = preSolution
		HideSolutionNode = FALSE
	EndGlobalSection
	GlobalSection(NestedProjects) = preSolution
		{679BF89B-2E31-4629-A311-A3D3D9939AB3} = {B766277D-74B1-4A64-A1E3-E5362A058115}
		{A4C9C812-FAB4-43C0-AAC9-5A2878417306} = {6B9444AE-D3EF-427D-B3E6-62EB70B08BA1}
		{91F4FCF5-B843-448B-A929-09FB5621649C} = {442D175D-79E7-48F6-BDA5-CD9E8DEDCDCB}
		{E8090043-B455-4AD1-B7DC-84C4CA80D8F4} = {E51FE5DB-1D95-4F46-A248-79BA51249A70}
	EndGlobalSection
	GlobalSection(ExtensibilityGlobals) = postSolution
		SolutionGuid = {5B4B38E4-31E5-46D4-8140-16681FB53AEA}
	EndGlobalSection
EndGlobal
